
Microsoft Visual Studio Solution File, Format Version 11.00
# Visual Studio 2010
Project("{54435603-DBB4-11D2-8724-00A0C9A8B90C}") = "RajyindeeIT", "RajyindeeIT\RajyindeeIT.vdproj", "{B793232B-A584-40AB-987C-4E30720745FA}"
EndProject
Global
	GlobalSection(SolutionConfigurationPlatforms) = preSolution
		Debug|x86 = Debug|x86
		Release|x86 = Release|x86
	EndGlobalSection
	GlobalSection(ProjectConfigurationPlatforms) = postSolution
		{B793232B-A584-40AB-987C-4E30720745FA}.Debug|x86.ActiveCfg = Debug
		{B793232B-A584-40AB-987C-4E30720745FA}.Release|x86.ActiveCfg = Release
	EndGlobalSection
	GlobalSection(SolutionProperties) = preSolution
		HideSolutionNode = FALSE
	EndGlobalSection
EndGlobal
